
Microsoft Visual Studio Solution File, Format Version 12.00
# Visual Studio Version 17
VisualStudioVersion = 17.4.33403.182
MinimumVisualStudioVersion = 10.0.40219.1
Project("{FAE04EC0-301F-11D3-BF4B-00C04F79EFBC}") = "ScreenSound-04", "ScreenSound-04\ScreenSound-04.csproj", "{29015F82-E1B0-43BD-BBC3-5C66FE4B8C71}"
EndProject
Global
	GlobalSection(SolutionConfigurationPlatforms) = preSolution
		Debug|Any CPU = Debug|Any CPU
		Release|Any CPU = Release|Any CPU
	EndGlobalSection
	GlobalSection(ProjectConfigurationPlatforms) = postSolution
		{29015F82-E1B0-43BD-BBC3-5C66FE4B8C71}.Debug|Any CPU.ActiveCfg = Debug|Any CPU
		{29015F82-E1B0-43BD-BBC3-5C66FE4B8C71}.Debug|Any CPU.Build.0 = Debug|Any CPU
		{29015F82-E1B0-43BD-BBC3-5C66FE4B8C71}.Release|Any CPU.ActiveCfg = Release|Any CPU
		{29015F82-E1B0-43BD-BBC3-5C66FE4B8C71}.Release|Any CPU.Build.0 = Release|Any CPU
	EndGlobalSection
	GlobalSection(SolutionProperties) = preSolution
		HideSolutionNode = FALSE
	EndGlobalSection
	GlobalSection(ExtensibilityGlobals) = postSolution
		SolutionGuid = {F74C2DD5-D51B-41DA-9D9A-2A32EEA7361E}
	EndGlobalSection
EndGlobal
